
Microsoft Visual Studio Solution File, Format Version 12.00
# Visual Studio Version 16
VisualStudioVersion = 16.0.32407.337
MinimumVisualStudioVersion = 10.0.40219.1
Project("{FAE04EC0-301F-11D3-BF4B-00C04F79EFBC}") = "Projeto_Contabilidade.Server", "Projeto_Contabilidade\Server\Projeto_Contabilidade.Server.csproj", "{72997C4F-E2B3-4D15-940B-23831183A53E}"
EndProject
Project("{FAE04EC0-301F-11D3-BF4B-00C04F79EFBC}") = "Projeto_Contabilidade.Client", "Projeto_Contabilidade\Client\Projeto_Contabilidade.Client.csproj", "{8A8202BF-44AA-460A-8341-B6C7E35B6A89}"
EndProject
Project("{FAE04EC0-301F-11D3-BF4B-00C04F79EFBC}") = "Projeto_Contabilidade.Shared", "Projeto_Contabilidade\Shared\Projeto_Contabilidade.Shared.csproj", "{A5CE10CE-ADC4-4917-B7A2-900375FE5C3B}"
EndProject
Global
	GlobalSection(SolutionConfigurationPlatforms) = preSolution
		Debug|Any CPU = Debug|Any CPU
		Release|Any CPU = Release|Any CPU
	EndGlobalSection
	GlobalSection(ProjectConfigurationPlatforms) = postSolution
		{72997C4F-E2B3-4D15-940B-23831183A53E}.Debug|Any CPU.ActiveCfg = Debug|Any CPU
		{72997C4F-E2B3-4D15-940B-23831183A53E}.Debug|Any CPU.Build.0 = Debug|Any CPU
		{72997C4F-E2B3-4D15-940B-23831183A53E}.Release|Any CPU.ActiveCfg = Release|Any CPU
		{72997C4F-E2B3-4D15-940B-23831183A53E}.Release|Any CPU.Build.0 = Release|Any CPU
		{8A8202BF-44AA-460A-8341-B6C7E35B6A89}.Debug|Any CPU.ActiveCfg = Debug|Any CPU
		{8A8202BF-44AA-460A-8341-B6C7E35B6A89}.Debug|Any CPU.Build.0 = Debug|Any CPU
		{8A8202BF-44AA-460A-8341-B6C7E35B6A89}.Release|Any CPU.ActiveCfg = Release|Any CPU
		{8A8202BF-44AA-460A-8341-B6C7E35B6A89}.Release|Any CPU.Build.0 = Release|Any CPU
		{A5CE10CE-ADC4-4917-B7A2-900375FE5C3B}.Debug|Any CPU.ActiveCfg = Debug|Any CPU
		{A5CE10CE-ADC4-4917-B7A2-900375FE5C3B}.Debug|Any CPU.Build.0 = Debug|Any CPU
		{A5CE10CE-ADC4-4917-B7A2-900375FE5C3B}.Release|Any CPU.ActiveCfg = Release|Any CPU
		{A5CE10CE-ADC4-4917-B7A2-900375FE5C3B}.Release|Any CPU.Build.0 = Release|Any CPU
	EndGlobalSection
	GlobalSection(SolutionProperties) = preSolution
		HideSolutionNode = FALSE
	EndGlobalSection
	GlobalSection(ExtensibilityGlobals) = postSolution
		SolutionGuid = {FB1A5A1F-7ABB-417A-9CC1-7605724DEA60}
	EndGlobalSection
EndGlobal
